github.com/gorilla/mux v1.7.0 h1:tOSd0UKHQd6urX6ApfOn4XdBMY6Sh1MfxV3kmaazO+U=
github.com/gorilla/mux v1.7.0/go.mod h1:1lud6UwP+6orDFRuTfBEV8e9/aOM/c4fVVCaMa2zaAs=
github.com/jinzhu/gorm v1.9.2 h1:lCvgEaqe/HVE+tjAR2mt4HbbHAZsQOv3XAZiEZV37iw=
github.com/jinzhu/gorm v1.9.2/go.mod h1:Vla75njaFJ8clLU1W44h34PjIkijhjHIYnZxMqCdxqo=
github.com/jinzhu/inflection v0.0.0-20180308033659-04140366298a h1:eeaG9XMUvRBYXJi4pg1ZKM7nxc5AfXfojeLLW7O5J3k=
github.com/jinzhu/inflection v0.0.0-20180308033659-04140366298a/go.mod h1:h+uFLlag+Qp1Va5pdKtLDYj+kHp5pxUVkryuEj+Srlc=
github.com/lib/pq v1.0.0 h1:X5PMW56eZitiTeO7tKzZxFCSpbFZJtkMMooicw2us9A=
github.com/lib/pq v1.0.0/go.mod h1:5WUZQaWbwv1U+lTReE5YruASi9Al49XbQIvNi/34Woo=
github.com/xubiosueldos/autenticacion v0.0.0-20190220171857-5cdd4907a7a3 h1:1OT4ut9RfkBNUltJZQbvvJO8OSfSC+kllIK2iRmH8J8=
github.com/xubiosueldos/autenticacion v0.0.0-20190220171857-5cdd4907a7a3/go.mod h1:o3zj8RC2Ygcmt9mEknp3c1+KEDsWv4cn17zGVpEn71Q=
github.com/xubiosueldos/autenticacion v0.0.0-20190220174810-61e57422cb0d h1:CieENsBwkOxV+EUSk8YQOzdwaVU5HEYKWLqSedLpq/4=
github.com/xubiosueldos/autenticacion v0.0.0-20190220174810-61e57422cb0d/go.mod h1:j6eCbe1ghKYH0Q3Hkx2BOzV+YaRYonyEZO+QjIiFbqw=
github.com/xubiosueldos/autenticacion v0.0.0-20190227173640-f1256e8395b5 h1:G85IXlCqpJLirbu40IsYdbUjYVYV2O5NTFlDioXdsbM=
github.com/xubiosueldos/autenticacion v0.0.0-20190227173640-f1256e8395b5/go.mod h1:j6eCbe1ghKYH0Q3Hkx2BOzV+YaRYonyEZO+QjIiFbqw=
github.com/xubiosueldos/autenticacion v0.0.0-20190228141230-dd814e66b967 h1:CYUulkOcMdeCOG0UFewYVGuEJ4Ew5/Pm6PZw5PSIj8I=
github.com/xubiosueldos/autenticacion v0.0.0-20190228141230-dd814e66b967/go.mod h1:j6eCbe1ghKYH0Q3Hkx2BOzV+YaRYonyEZO+QjIiFbqw=
github.com/xubiosueldos/conexionBD v0.0.0-20190130160548-5347150de672 h1:bsNPQCV+KO5yDA+//+83elwVB+w0YouhPfF3Fn0Isig=
github.com/xubiosueldos/conexionBD v0.0.0-20190130160548-5347150de672/go.mod h1:w+NLrmGfHNCU1qTKiJB519uGgyZmasmSqDoCmEoXV28=
github.com/xubiosueldos/conexionBD v0.0.0-20190130161333-c1882e4e8a28 h1:CIFUq/TgH9Ts3eilfVf+oYm+WxvpsSdlvz+XkNUbLMs=
github.com/xubiosueldos/conexionBD v0.0.0-20190130161333-c1882e4e8a28/go.mod h1:w+NLrmGfHNCU1qTKiJB519uGgyZmasmSqDoCmEoXV28=
github.com/xubiosueldos/conexionBD v0.0.0-20190228134808-5dbf90c344f0 h1:4ggpcrn+iSvvpBJIri/wzqy0AdMKoRgdOiJdaHJRGhs=
github.com/xubiosueldos/conexionBD v0.0.0-20190228134808-5dbf90c344f0/go.mod h1:w+NLrmGfHNCU1qTKiJB519uGgyZmasmSqDoCmEoXV28=
github.com/xubiosueldos/conexionBD v0.0.0-20190325151302-f9d08f8b8075 h1:oNatudXg0wKev4cTaUyYSDtFKgjRgWa0Xxi8slq1T0w=
github.com/xubiosueldos/conexionBD v0.0.0-20190325151302-f9d08f8b8075/go.mod h1:w+NLrmGfHNCU1qTKiJB519uGgyZmasmSqDoCmEoXV28=
github.com/xubiosueldos/conexionBD v0.0.0-20190325151509-c8dd5d0176e7 h1:HHSOJo0Z5wLjWw/FyR6VOm6PGYZPNaPE3w72S9ozgwY=
github.com/xubiosueldos/conexionBD v0.0.0-20190325151509-c8dd5d0176e7/go.mod h1:w+NLrmGfHNCU1qTKiJB519uGgyZmasmSqDoCmEoXV28=
github.com/xubiosueldos/legajo v1.0.0 h1:GCrlYMgDceGIaofSBvph4JYSxF84Mc2Rj/KIHLDAZUk=
